
Microsoft Visual Studio Solution File, Format Version 12.00
# Visual Studio Version 17
VisualStudioVersion = 17.4.33110.190
MinimumVisualStudioVersion = 10.0.40219.1
Project("{9A19103F-16F7-4668-BE54-9A1E7A4F7556}") = "EmployeePayrollAccess.API", "EmployeePayrollAccess\EmployeePayrollAccess.API.csproj", "{5A9A91E1-F3AB-480E-8BFA-5BF9F0F68FD8}"
EndProject
Project("{2150E333-8FDC-42A3-9474-1A3956D46DE8}") = "1. Presentation", "1. Presentation", "{D0D2802C-3CD7-4D71-9FA8-DD253AE5F477}"
EndProject
Project("{2150E333-8FDC-42A3-9474-1A3956D46DE8}") = "2. Application", "2. Application", "{1B0823C3-C06A-4123-BB14-44BDE10141F3}"
EndProject
Project("{9A19103F-16F7-4668-BE54-9A1E7A4F7556}") = "EmployeePayrollAccess.Application", "EmployeePayrollAccess.Application\EmployeePayrollAccess.Application.csproj", "{7C1A333D-1663-4974-B416-60F7046ED7F0}"
EndProject
Project("{2150E333-8FDC-42A3-9474-1A3956D46DE8}") = "3. Domain", "3. Domain", "{64F3E3D7-D5A7-4E17-860A-3D1281853697}"
EndProject
Project("{9A19103F-16F7-4668-BE54-9A1E7A4F7556}") = "EmployeePayrollAccess.Domain", "EmployeePayrollAccess.Domain\EmployeePayrollAccess.Domain.csproj", "{073516D2-7199-47F5-8311-2BA4F22C35BC}"
EndProject
Project("{2150E333-8FDC-42A3-9474-1A3956D46DE8}") = "4. Infrastucture", "4. Infrastucture", "{1035F298-B7E1-475F-8BE8-758F649E2D68}"
EndProject
Project("{9A19103F-16F7-4668-BE54-9A1E7A4F7556}") = "EmployeePayrollAccess.Infrastructure.Data", "EmployeePayrollAcces.Infrastructure.Data\EmployeePayrollAccess.Infrastructure.Data.csproj", "{99E856E3-C684-4291-B7B0-F2AA599B3F53}"
EndProject
Project("{9A19103F-16F7-4668-BE54-9A1E7A4F7556}") = "EmployeePayrollAccess.Infrastructure.Security", "EmployeePayrollAccess.Infrastructure.Security\EmployeePayrollAccess.Infrastructure.Security.csproj", "{A2DAE2A9-0823-4B2C-B884-66568B62F0B1}"
EndProject
Project("{2150E333-8FDC-42A3-9474-1A3956D46DE8}") = "5. Tests", "5. Tests", "{8F04F409-05D4-4561-9182-7DD116B7C58B}"
EndProject
Project("{FAE04EC0-301F-11D3-BF4B-00C04F79EFBC}") = "EmployeePayrollAccess.Tests", "EmployeePayrollAccess.Tests\EmployeePayrollAccess.Tests.csproj", "{5EB9CB2B-4C64-4F51-A7CC-7011CD147FDD}"
EndProject
Global
	GlobalSection(SolutionConfigurationPlatforms) = preSolution
		Debug|Any CPU = Debug|Any CPU
		Release|Any CPU = Release|Any CPU
	EndGlobalSection
	GlobalSection(ProjectConfigurationPlatforms) = postSolution
		{5A9A91E1-F3AB-480E-8BFA-5BF9F0F68FD8}.Debug|Any CPU.ActiveCfg = Debug|Any CPU
		{5A9A91E1-F3AB-480E-8BFA-5BF9F0F68FD8}.Debug|Any CPU.Build.0 = Debug|Any CPU
		{5A9A91E1-F3AB-480E-8BFA-5BF9F0F68FD8}.Release|Any CPU.ActiveCfg = Release|Any CPU
		{5A9A91E1-F3AB-480E-8BFA-5BF9F0F68FD8}.Release|Any CPU.Build.0 = Release|Any CPU
		{7C1A333D-1663-4974-B416-60F7046ED7F0}.Debug|Any CPU.ActiveCfg = Debug|Any CPU
		{7C1A333D-1663-4974-B416-60F7046ED7F0}.Debug|Any CPU.Build.0 = Debug|Any CPU
		{7C1A333D-1663-4974-B416-60F7046ED7F0}.Release|Any CPU.ActiveCfg = Release|Any CPU
		{7C1A333D-1663-4974-B416-60F7046ED7F0}.Release|Any CPU.Build.0 = Release|Any CPU
		{073516D2-7199-47F5-8311-2BA4F22C35BC}.Debug|Any CPU.ActiveCfg = Debug|Any CPU
		{073516D2-7199-47F5-8311-2BA4F22C35BC}.Debug|Any CPU.Build.0 = Debug|Any CPU
		{073516D2-7199-47F5-8311-2BA4F22C35BC}.Release|Any CPU.ActiveCfg = Release|Any CPU
		{073516D2-7199-47F5-8311-2BA4F22C35BC}.Release|Any CPU.Build.0 = Release|Any CPU
		{99E856E3-C684-4291-B7B0-F2AA599B3F53}.Debug|Any CPU.ActiveCfg = Debug|Any CPU
		{99E856E3-C684-4291-B7B0-F2AA599B3F53}.Debug|Any CPU.Build.0 = Debug|Any CPU
		{99E856E3-C684-4291-B7B0-F2AA599B3F53}.Release|Any CPU.ActiveCfg = Release|Any CPU
		{99E856E3-C684-4291-B7B0-F2AA599B3F53}.Release|Any CPU.Build.0 = Release|Any CPU
		{A2DAE2A9-0823-4B2C-B884-66568B62F0B1}.Debug|Any CPU.ActiveCfg = Debug|Any CPU
		{A2DAE2A9-0823-4B2C-B884-66568B62F0B1}.Debug|Any CPU.Build.0 = Debug|Any CPU
		{A2DAE2A9-0823-4B2C-B884-66568B62F0B1}.Release|Any CPU.ActiveCfg = Release|Any CPU
		{A2DAE2A9-0823-4B2C-B884-66568B62F0B1}.Release|Any CPU.Build.0 = Release|Any CPU
		{5EB9CB2B-4C64-4F51-A7CC-7011CD147FDD}.Debug|Any CPU.ActiveCfg = Debug|Any CPU
		{5EB9CB2B-4C64-4F51-A7CC-7011CD147FDD}.Debug|Any CPU.Build.0 = Debug|Any CPU
		{5EB9CB2B-4C64-4F51-A7CC-7011CD147FDD}.Release|Any CPU.ActiveCfg = Release|Any CPU
		{5EB9CB2B-4C64-4F51-A7CC-7011CD147FDD}.Release|Any CPU.Build.0 = Release|Any CPU
	EndGlobalSection
	GlobalSection(SolutionProperties) = preSolution
		HideSolutionNode = FALSE
	EndGlobalSection
	GlobalSection(NestedProjects) = preSolution
		{5A9A91E1-F3AB-480E-8BFA-5BF9F0F68FD8} = {D0D2802C-3CD7-4D71-9FA8-DD253AE5F477}
		{7C1A333D-1663-4974-B416-60F7046ED7F0} = {1B0823C3-C06A-4123-BB14-44BDE10141F3}
		{073516D2-7199-47F5-8311-2BA4F22C35BC} = {64F3E3D7-D5A7-4E17-860A-3D1281853697}
		{99E856E3-C684-4291-B7B0-F2AA599B3F53} = {1035F298-B7E1-475F-8BE8-758F649E2D68}
		{A2DAE2A9-0823-4B2C-B884-66568B62F0B1} = {1035F298-B7E1-475F-8BE8-758F649E2D68}
		{5EB9CB2B-4C64-4F51-A7CC-7011CD147FDD} = {8F04F409-05D4-4561-9182-7DD116B7C58B}
	EndGlobalSection
	GlobalSection(ExtensibilityGlobals) = postSolution
		SolutionGuid = {7932883D-3674-439C-B128-BFF202A64670}
	EndGlobalSection
EndGlobal
